
Microsoft Visual Studio Solution File, Format Version 12.00
# Visual Studio Version 16
VisualStudioVersion = 16.0.29519.87
MinimumVisualStudioVersion = 10.0.40219.1
Project("{FAE04EC0-301F-11D3-BF4B-00C04F79EFBC}") = "WebApplication2", "WebApplication2\WebApplication2.csproj", "{E714C6B4-7379-4E49-8382-E7B58A2D49D0}"
EndProject
Global
	GlobalSection(SolutionConfigurationPlatforms) = preSolution
		Debug|Any CPU = Debug|Any CPU
		Release|Any CPU = Release|Any CPU
	EndGlobalSection
	GlobalSection(ProjectConfigurationPlatforms) = postSolution
		{E714C6B4-7379-4E49-8382-E7B58A2D49D0}.Debug|Any CPU.ActiveCfg = Debug|Any CPU
		{E714C6B4-7379-4E49-8382-E7B58A2D49D0}.Debug|Any CPU.Build.0 = Debug|Any CPU
		{E714C6B4-7379-4E49-8382-E7B58A2D49D0}.Release|Any CPU.ActiveCfg = Release|Any CPU
		{E714C6B4-7379-4E49-8382-E7B58A2D49D0}.Release|Any CPU.Build.0 = Release|Any CPU
	EndGlobalSection
	GlobalSection(SolutionProperties) = preSolution
		HideSolutionNode = FALSE
	EndGlobalSection
	GlobalSection(ExtensibilityGlobals) = postSolution
		SolutionGuid = {14DDE20F-BC21-4B12-B97F-9C4E899DED72}
	EndGlobalSection
EndGlobal
